// !$*UTF8*$!
{
	archiveVersion = 1;
	classes = {
	};
	objectVersion = 56;
	objects = {

/* Begin PBXBuildFile section */
		3802C1CA2A29DA3000AFFADE /* CatalogueCellView.swift in Sources */ = {isa = PBXBuildFile; fileRef = 3802C1C52A29DA3000AFFADE /* CatalogueCellView.swift */; };
		3802C1CB2A29DA3000AFFADE /* CatalogueCellViewModel.swift in Sources */ = {isa = PBXBuildFile; fileRef = 3802C1C62A29DA3000AFFADE /* CatalogueCellViewModel.swift */; };
		3802C1CC2A29DA3000AFFADE /* CatalogueView.swift in Sources */ = {isa = PBXBuildFile; fileRef = 3802C1C82A29DA3000AFFADE /* CatalogueView.swift */; };
		3802C1CD2A29DA3000AFFADE /* CatalogueViewModel.swift in Sources */ = {isa = PBXBuildFile; fileRef = 3802C1C92A29DA3000AFFADE /* CatalogueViewModel.swift */; };
		3802C1D22A29DA5F00AFFADE /* CollectionModels.swift in Sources */ = {isa = PBXBuildFile; fileRef = 3802C1D02A29DA5F00AFFADE /* CollectionModels.swift */; };
		3802C1D62A29DA6F00AFFADE /* CollectionProvider.swift in Sources */ = {isa = PBXBuildFile; fileRef = 3802C1D42A29DA6F00AFFADE /* CollectionProvider.swift */; };
		3802C1D72A29DA6F00AFFADE /* CollectionProviderErrors.swift in Sources */ = {isa = PBXBuildFile; fileRef = 3802C1D52A29DA6F00AFFADE /* CollectionProviderErrors.swift */; };
		38BEBF9B2A1AB754007B1297 /* FakeNftAPI.swift in Sources */ = {isa = PBXBuildFile; fileRef = 38BEBF9A2A1AB754007B1297 /* FakeNftAPI.swift */; };
		38BEBF9E2A1AB7D7007B1297 /* NftAPI.swift in Sources */ = {isa = PBXBuildFile; fileRef = 38BEBF9D2A1AB7D7007B1297 /* NftAPI.swift */; };
		38BEBFA02A1AB9E8007B1297 /* NftDTO.swift in Sources */ = {isa = PBXBuildFile; fileRef = 38BEBF9F2A1AB9E8007B1297 /* NftDTO.swift */; };
		38BEBFA22A1ABC06007B1297 /* CurrencyDTO.swift in Sources */ = {isa = PBXBuildFile; fileRef = 38BEBFA12A1ABC06007B1297 /* CurrencyDTO.swift */; };
		38BEBFA42A1ABD8A007B1297 /* OrderDTO.swift in Sources */ = {isa = PBXBuildFile; fileRef = 38BEBFA32A1ABD8A007B1297 /* OrderDTO.swift */; };
		38BEBFA62A1ABECE007B1297 /* PaymentResultDTO.swift in Sources */ = {isa = PBXBuildFile; fileRef = 38BEBFA52A1ABECE007B1297 /* PaymentResultDTO.swift */; };
		38BEBFA82A1AC0B0007B1297 /* ProfileDTO.swift in Sources */ = {isa = PBXBuildFile; fileRef = 38BEBFA72A1AC0B0007B1297 /* ProfileDTO.swift */; };
		38BEBFAA2A1AC2D8007B1297 /* UserDTO.swift in Sources */ = {isa = PBXBuildFile; fileRef = 38BEBFA92A1AC2D8007B1297 /* UserDTO.swift */; };
		38BEBFAC2A1AC35E007B1297 /* FakeAPIRequest.swift in Sources */ = {isa = PBXBuildFile; fileRef = 38BEBFAB2A1AC35E007B1297 /* FakeAPIRequest.swift */; };
		38BEBFAF2A27CF47007B1297 /* ShoppingCart.swift in Sources */ = {isa = PBXBuildFile; fileRef = 38BEBFAE2A27CF47007B1297 /* ShoppingCart.swift */; };
		38BEBFB12A27D024007B1297 /* Nft.swift in Sources */ = {isa = PBXBuildFile; fileRef = 38BEBFB02A27D024007B1297 /* Nft.swift */; };
		38BEBFB42A27D0CA007B1297 /* FakeShoppingCart.swift in Sources */ = {isa = PBXBuildFile; fileRef = 38BEBFB32A27D0CA007B1297 /* FakeShoppingCart.swift */; };
		38D3B02E2A306AC800D0B1B8 /* UpdateProfileDTO.swift in Sources */ = {isa = PBXBuildFile; fileRef = 38D3B02D2A306AC800D0B1B8 /* UpdateProfileDTO.swift */; };
		38D3B0302A306B8100D0B1B8 /* UpdateOrderDTO.swift in Sources */ = {isa = PBXBuildFile; fileRef = 38D3B02F2A306B8100D0B1B8 /* UpdateOrderDTO.swift */; };
		3F478ECF29DB474E00F6D39E /* Colors.swift in Sources */ = {isa = PBXBuildFile; fileRef = 3F478ECE29DB474E00F6D39E /* Colors.swift */; };
		3F478ED129DB476500F6D39E /* Fonts.swift in Sources */ = {isa = PBXBuildFile; fileRef = 3F478ED029DB476500F6D39E /* Fonts.swift */; };
		3F603CCD29DB4A53000C43D7 /* ProgressHUD in Frameworks */ = {isa = PBXBuildFile; productRef = 3F603CCC29DB4A53000C43D7 /* ProgressHUD */; };
		3F603CD029DB4A74000C43D7 /* Kingfisher in Frameworks */ = {isa = PBXBuildFile; productRef = 3F603CCF29DB4A74000C43D7 /* Kingfisher */; };
		3F68069729CBBAF100B4F915 /* AppDelegate.swift in Sources */ = {isa = PBXBuildFile; fileRef = 3F68069629CBBAF100B4F915 /* AppDelegate.swift */; };
		3F68069929CBBAF100B4F915 /* SceneDelegate.swift in Sources */ = {isa = PBXBuildFile; fileRef = 3F68069829CBBAF100B4F915 /* SceneDelegate.swift */; };
		3F68069B29CBBAF100B4F915 /* ProductDetailsTableViewController.swift in Sources */ = {isa = PBXBuildFile; fileRef = 3F68069A29CBBAF100B4F915 /* ProductDetailsTableViewController.swift */; };
		3F6806A029CBBAF200B4F915 /* Assets.xcassets in Resources */ = {isa = PBXBuildFile; fileRef = 3F68069F29CBBAF200B4F915 /* Assets.xcassets */; };
		3F6806A329CBBAF200B4F915 /* LaunchScreen.storyboard in Resources */ = {isa = PBXBuildFile; fileRef = 3F6806A129CBBAF200B4F915 /* LaunchScreen.storyboard */; };
		3F6806AE29CBBAF200B4F915 /* FakeNftApiTests.swift in Sources */ = {isa = PBXBuildFile; fileRef = 3F6806AD29CBBAF200B4F915 /* FakeNftApiTests.swift */; };
		3F6806B829CBBAF200B4F915 /* FakeNFTUITests.swift in Sources */ = {isa = PBXBuildFile; fileRef = 3F6806B729CBBAF200B4F915 /* FakeNFTUITests.swift */; };
		3F6806CB29CBBCC700B4F915 /* CollectionDTO.swift in Sources */ = {isa = PBXBuildFile; fileRef = 3F6806CA29CBBCC700B4F915 /* CollectionDTO.swift */; };
		3F6806D129CBBE6B00B4F915 /* NetworkClient.swift in Sources */ = {isa = PBXBuildFile; fileRef = 3F6806D029CBBE6B00B4F915 /* NetworkClient.swift */; };
		3F6806D329CBBE9600B4F915 /* NetworkRequest.swift in Sources */ = {isa = PBXBuildFile; fileRef = 3F6806D229CBBE9600B4F915 /* NetworkRequest.swift */; };
		3F6806D529CBBEC700B4F915 /* NetworkTask.swift in Sources */ = {isa = PBXBuildFile; fileRef = 3F6806D429CBBEC700B4F915 /* NetworkTask.swift */; };
		3F6806D729CBC50A00B4F915 /* CellsReusingUtils.swift in Sources */ = {isa = PBXBuildFile; fileRef = 3F6806D629CBC50A00B4F915 /* CellsReusingUtils.swift */; };
		3FC8C38B29D242E90081F015 /* ProductDetailsTableViewCell.swift in Sources */ = {isa = PBXBuildFile; fileRef = 3FC8C38A29D242E90081F015 /* ProductDetailsTableViewCell.swift */; };
		3FC8C39329D246BA0081F015 /* DateFormatters+Presets.swift in Sources */ = {isa = PBXBuildFile; fileRef = 3FC8C39229D246BA0081F015 /* DateFormatters+Presets.swift */; };
		8D17288D2A29E9440050F1FF /* CollectionsSortOptionPersistenceService.swift in Sources */ = {isa = PBXBuildFile; fileRef = 8D17288C2A29E9440050F1FF /* CollectionsSortOptionPersistenceService.swift */; };
		8D1B7EC82A1876B600F30D51 /* TabBarControllerBuilder.swift in Sources */ = {isa = PBXBuildFile; fileRef = 8D1B7EC72A1876B600F30D51 /* TabBarControllerBuilder.swift */; };
		8D47C3592A381C4500CFD3DC /* NftLikesProvider.swift in Sources */ = {isa = PBXBuildFile; fileRef = 8D47C3582A381C4500CFD3DC /* NftLikesProvider.swift */; };
		8D6C5ECE2A36C0F600E22EB2 /* NftCellViewModel.swift in Sources */ = {isa = PBXBuildFile; fileRef = 8D6C5ECD2A36C0F600E22EB2 /* NftCellViewModel.swift */; };
		8D6C5ED02A36D1DD00E22EB2 /* NftListViewModel.swift in Sources */ = {isa = PBXBuildFile; fileRef = 8D6C5ECF2A36D1DD00E22EB2 /* NftListViewModel.swift */; };
		8D883AC12A15CD8F000B7DA4 /* ProfileVC.swift in Sources */ = {isa = PBXBuildFile; fileRef = 8D883AC02A15CD8F000B7DA4 /* ProfileVC.swift */; };
		8D883AC32A15CDEB000B7DA4 /* CartVC.swift in Sources */ = {isa = PBXBuildFile; fileRef = 8D883AC22A15CDEB000B7DA4 /* CartVC.swift */; };
		8D8AA64C2A2B0E290009F293 /* CollectionsCoordinator.swift in Sources */ = {isa = PBXBuildFile; fileRef = 8D8AA64B2A2B0E290009F293 /* CollectionsCoordinator.swift */; };
		8DBED8092A3562D5002F7CC2 /* CollectionViewLayoutFactory.swift in Sources */ = {isa = PBXBuildFile; fileRef = 8DBED8082A3562D5002F7CC2 /* CollectionViewLayoutFactory.swift */; };
		8DBED80B2A35F3FE002F7CC2 /* LoadingHUDService.swift in Sources */ = {isa = PBXBuildFile; fileRef = 8DBED80A2A35F3FE002F7CC2 /* LoadingHUDService.swift */; };
		8DBED80D2A360B44002F7CC2 /* LogService.swift in Sources */ = {isa = PBXBuildFile; fileRef = 8DBED80C2A360B44002F7CC2 /* LogService.swift */; };
		8DBED80F2A360DC2002F7CC2 /* ImageCacheService.swift in Sources */ = {isa = PBXBuildFile; fileRef = 8DBED80E2A360DC2002F7CC2 /* ImageCacheService.swift */; };
		8DD0007D2A19B05600C751E6 /* NftAvatarViewModel.swift in Sources */ = {isa = PBXBuildFile; fileRef = 8DD0007C2A19B05600C751E6 /* NftAvatarViewModel.swift */; };
		8DD0007F2A19B22B00C751E6 /* NftAvatarView.swift in Sources */ = {isa = PBXBuildFile; fileRef = 8DD0007E2A19B22B00C751E6 /* NftAvatarView.swift */; };
		8DE489BE2A2AD3E60006B6AD /* CollectionDetailsView.swift in Sources */ = {isa = PBXBuildFile; fileRef = 8DE489BD2A2AD3E60006B6AD /* CollectionDetailsView.swift */; };
		8DE489C12A2AD47B0006B6AD /* CollectionDetailsViewModel.swift in Sources */ = {isa = PBXBuildFile; fileRef = 8DE489C02A2AD47B0006B6AD /* CollectionDetailsViewModel.swift */; };
		8DE489C32A2AD5520006B6AD /* NftListView.swift in Sources */ = {isa = PBXBuildFile; fileRef = 8DE489C22A2AD5520006B6AD /* NftListView.swift */; };
		8DE489C52A2AD5680006B6AD /* CoverAndDescriptionCellsViewModel.swift in Sources */ = {isa = PBXBuildFile; fileRef = 8DE489C42A2AD5680006B6AD /* CoverAndDescriptionCellsViewModel.swift */; };
		8DEA6E072A2E1B8E0065AD15 /* RatingView.swift in Sources */ = {isa = PBXBuildFile; fileRef = 8DEA6E062A2E1B8E0065AD15 /* RatingView.swift */; };
		8DEA6E092A2F16AD0065AD15 /* CollectionDetailsCoverCellView.swift in Sources */ = {isa = PBXBuildFile; fileRef = 8DEA6E082A2F16AD0065AD15 /* CollectionDetailsCoverCellView.swift */; };
		8DEA6E0B2A2F17580065AD15 /* CollectionDetailsDescriptionCellView.swift in Sources */ = {isa = PBXBuildFile; fileRef = 8DEA6E0A2A2F17580065AD15 /* CollectionDetailsDescriptionCellView.swift */; };
		8DEA6E0D2A2F2B020065AD15 /* WebView.swift in Sources */ = {isa = PBXBuildFile; fileRef = 8DEA6E0C2A2F2B020065AD15 /* WebView.swift */; };
/* End PBXBuildFile section */

/* Begin PBXContainerItemProxy section */
		3F6806AA29CBBAF200B4F915 /* PBXContainerItemProxy */ = {
			isa = PBXContainerItemProxy;
			containerPortal = 3F68068B29CBBAF100B4F915 /* Project object */;
			proxyType = 1;
			remoteGlobalIDString = 3F68069229CBBAF100B4F915;
			remoteInfo = FakeNFT;
		};
		3F6806B429CBBAF200B4F915 /* PBXContainerItemProxy */ = {
			isa = PBXContainerItemProxy;
			containerPortal = 3F68068B29CBBAF100B4F915 /* Project object */;
			proxyType = 1;
			remoteGlobalIDString = 3F68069229CBBAF100B4F915;
			remoteInfo = FakeNFT;
		};
/* End PBXContainerItemProxy section */

/* Begin PBXFileReference section */
		3802C1C52A29DA3000AFFADE /* CatalogueCellView.swift */ = {isa = PBXFileReference; fileEncoding = 4; lastKnownFileType = sourcecode.swift; path = CatalogueCellView.swift; sourceTree = "<group>"; };
		3802C1C62A29DA3000AFFADE /* CatalogueCellViewModel.swift */ = {isa = PBXFileReference; fileEncoding = 4; lastKnownFileType = sourcecode.swift; path = CatalogueCellViewModel.swift; sourceTree = "<group>"; };
		3802C1C82A29DA3000AFFADE /* CatalogueView.swift */ = {isa = PBXFileReference; fileEncoding = 4; lastKnownFileType = sourcecode.swift; path = CatalogueView.swift; sourceTree = "<group>"; };
		3802C1C92A29DA3000AFFADE /* CatalogueViewModel.swift */ = {isa = PBXFileReference; fileEncoding = 4; lastKnownFileType = sourcecode.swift; path = CatalogueViewModel.swift; sourceTree = "<group>"; };
		3802C1D02A29DA5F00AFFADE /* CollectionModels.swift */ = {isa = PBXFileReference; fileEncoding = 4; lastKnownFileType = sourcecode.swift; path = CollectionModels.swift; sourceTree = "<group>"; };
		3802C1D42A29DA6F00AFFADE /* CollectionProvider.swift */ = {isa = PBXFileReference; fileEncoding = 4; lastKnownFileType = sourcecode.swift; path = CollectionProvider.swift; sourceTree = "<group>"; };
		3802C1D52A29DA6F00AFFADE /* CollectionProviderErrors.swift */ = {isa = PBXFileReference; fileEncoding = 4; lastKnownFileType = sourcecode.swift; path = CollectionProviderErrors.swift; sourceTree = "<group>"; };
		38BEBF9A2A1AB754007B1297 /* FakeNftAPI.swift */ = {isa = PBXFileReference; lastKnownFileType = sourcecode.swift; path = FakeNftAPI.swift; sourceTree = "<group>"; };
		38BEBF9D2A1AB7D7007B1297 /* NftAPI.swift */ = {isa = PBXFileReference; lastKnownFileType = sourcecode.swift; path = NftAPI.swift; sourceTree = "<group>"; };
		38BEBF9F2A1AB9E8007B1297 /* NftDTO.swift */ = {isa = PBXFileReference; lastKnownFileType = sourcecode.swift; path = NftDTO.swift; sourceTree = "<group>"; };
		38BEBFA12A1ABC06007B1297 /* CurrencyDTO.swift */ = {isa = PBXFileReference; lastKnownFileType = sourcecode.swift; path = CurrencyDTO.swift; sourceTree = "<group>"; };
		38BEBFA32A1ABD8A007B1297 /* OrderDTO.swift */ = {isa = PBXFileReference; lastKnownFileType = sourcecode.swift; path = OrderDTO.swift; sourceTree = "<group>"; };
		38BEBFA52A1ABECE007B1297 /* PaymentResultDTO.swift */ = {isa = PBXFileReference; lastKnownFileType = sourcecode.swift; path = PaymentResultDTO.swift; sourceTree = "<group>"; };
		38BEBFA72A1AC0B0007B1297 /* ProfileDTO.swift */ = {isa = PBXFileReference; lastKnownFileType = sourcecode.swift; path = ProfileDTO.swift; sourceTree = "<group>"; };
		38BEBFA92A1AC2D8007B1297 /* UserDTO.swift */ = {isa = PBXFileReference; lastKnownFileType = sourcecode.swift; path = UserDTO.swift; sourceTree = "<group>"; };
		38BEBFAB2A1AC35E007B1297 /* FakeAPIRequest.swift */ = {isa = PBXFileReference; lastKnownFileType = sourcecode.swift; path = FakeAPIRequest.swift; sourceTree = "<group>"; };
		38BEBFAE2A27CF47007B1297 /* ShoppingCart.swift */ = {isa = PBXFileReference; lastKnownFileType = sourcecode.swift; path = ShoppingCart.swift; sourceTree = "<group>"; };
		38BEBFB02A27D024007B1297 /* Nft.swift */ = {isa = PBXFileReference; lastKnownFileType = sourcecode.swift; path = Nft.swift; sourceTree = "<group>"; };
		38BEBFB32A27D0CA007B1297 /* FakeShoppingCart.swift */ = {isa = PBXFileReference; lastKnownFileType = sourcecode.swift; path = FakeShoppingCart.swift; sourceTree = "<group>"; };
		38D3B02D2A306AC800D0B1B8 /* UpdateProfileDTO.swift */ = {isa = PBXFileReference; lastKnownFileType = sourcecode.swift; path = UpdateProfileDTO.swift; sourceTree = "<group>"; };
		38D3B02F2A306B8100D0B1B8 /* UpdateOrderDTO.swift */ = {isa = PBXFileReference; lastKnownFileType = sourcecode.swift; path = UpdateOrderDTO.swift; sourceTree = "<group>"; };
		3F478ECE29DB474E00F6D39E /* Colors.swift */ = {isa = PBXFileReference; lastKnownFileType = sourcecode.swift; path = Colors.swift; sourceTree = "<group>"; };
		3F478ED029DB476500F6D39E /* Fonts.swift */ = {isa = PBXFileReference; lastKnownFileType = sourcecode.swift; path = Fonts.swift; sourceTree = "<group>"; };
		3F68069329CBBAF100B4F915 /* FakeNFT.app */ = {isa = PBXFileReference; explicitFileType = wrapper.application; includeInIndex = 0; path = FakeNFT.app; sourceTree = BUILT_PRODUCTS_DIR; };
		3F68069629CBBAF100B4F915 /* AppDelegate.swift */ = {isa = PBXFileReference; lastKnownFileType = sourcecode.swift; path = AppDelegate.swift; sourceTree = "<group>"; };
		3F68069829CBBAF100B4F915 /* SceneDelegate.swift */ = {isa = PBXFileReference; lastKnownFileType = sourcecode.swift; path = SceneDelegate.swift; sourceTree = "<group>"; };
		3F68069A29CBBAF100B4F915 /* ProductDetailsTableViewController.swift */ = {isa = PBXFileReference; lastKnownFileType = sourcecode.swift; path = ProductDetailsTableViewController.swift; sourceTree = "<group>"; };
		3F68069F29CBBAF200B4F915 /* Assets.xcassets */ = {isa = PBXFileReference; lastKnownFileType = folder.assetcatalog; path = Assets.xcassets; sourceTree = "<group>"; };
		3F6806A229CBBAF200B4F915 /* Base */ = {isa = PBXFileReference; lastKnownFileType = file.storyboard; name = Base; path = Base.lproj/LaunchScreen.storyboard; sourceTree = "<group>"; };
		3F6806A429CBBAF200B4F915 /* Info.plist */ = {isa = PBXFileReference; lastKnownFileType = text.plist.xml; path = Info.plist; sourceTree = "<group>"; };
		3F6806A929CBBAF200B4F915 /* FakeNFTTests.xctest */ = {isa = PBXFileReference; explicitFileType = wrapper.cfbundle; includeInIndex = 0; path = FakeNFTTests.xctest; sourceTree = BUILT_PRODUCTS_DIR; };
		3F6806AD29CBBAF200B4F915 /* FakeNftApiTests.swift */ = {isa = PBXFileReference; lastKnownFileType = sourcecode.swift; path = FakeNftApiTests.swift; sourceTree = "<group>"; };
		3F6806B329CBBAF200B4F915 /* FakeNFTUITests.xctest */ = {isa = PBXFileReference; explicitFileType = wrapper.cfbundle; includeInIndex = 0; path = FakeNFTUITests.xctest; sourceTree = BUILT_PRODUCTS_DIR; };
		3F6806B729CBBAF200B4F915 /* FakeNFTUITests.swift */ = {isa = PBXFileReference; lastKnownFileType = sourcecode.swift; path = FakeNFTUITests.swift; sourceTree = "<group>"; };
		3F6806CA29CBBCC700B4F915 /* CollectionDTO.swift */ = {isa = PBXFileReference; lastKnownFileType = sourcecode.swift; path = CollectionDTO.swift; sourceTree = "<group>"; };
		3F6806D029CBBE6B00B4F915 /* NetworkClient.swift */ = {isa = PBXFileReference; lastKnownFileType = sourcecode.swift; path = NetworkClient.swift; sourceTree = "<group>"; };
		3F6806D229CBBE9600B4F915 /* NetworkRequest.swift */ = {isa = PBXFileReference; lastKnownFileType = sourcecode.swift; path = NetworkRequest.swift; sourceTree = "<group>"; };
		3F6806D429CBBEC700B4F915 /* NetworkTask.swift */ = {isa = PBXFileReference; lastKnownFileType = sourcecode.swift; path = NetworkTask.swift; sourceTree = "<group>"; };
		3F6806D629CBC50A00B4F915 /* CellsReusingUtils.swift */ = {isa = PBXFileReference; lastKnownFileType = sourcecode.swift; path = CellsReusingUtils.swift; sourceTree = "<group>"; };
		3FC8C38A29D242E90081F015 /* ProductDetailsTableViewCell.swift */ = {isa = PBXFileReference; lastKnownFileType = sourcecode.swift; path = ProductDetailsTableViewCell.swift; sourceTree = "<group>"; };
		3FC8C39229D246BA0081F015 /* DateFormatters+Presets.swift */ = {isa = PBXFileReference; lastKnownFileType = sourcecode.swift; path = "DateFormatters+Presets.swift"; sourceTree = "<group>"; };
		8D17288C2A29E9440050F1FF /* CollectionsSortOptionPersistenceService.swift */ = {isa = PBXFileReference; lastKnownFileType = sourcecode.swift; path = CollectionsSortOptionPersistenceService.swift; sourceTree = "<group>"; };
		8D1B7EC72A1876B600F30D51 /* TabBarControllerBuilder.swift */ = {isa = PBXFileReference; lastKnownFileType = sourcecode.swift; path = TabBarControllerBuilder.swift; sourceTree = "<group>"; };
		8D47C3582A381C4500CFD3DC /* NftLikesProvider.swift */ = {isa = PBXFileReference; lastKnownFileType = sourcecode.swift; path = NftLikesProvider.swift; sourceTree = "<group>"; };
		8D6C5ECD2A36C0F600E22EB2 /* NftCellViewModel.swift */ = {isa = PBXFileReference; lastKnownFileType = sourcecode.swift; path = NftCellViewModel.swift; sourceTree = "<group>"; };
		8D6C5ECF2A36D1DD00E22EB2 /* NftListViewModel.swift */ = {isa = PBXFileReference; lastKnownFileType = sourcecode.swift; path = NftListViewModel.swift; sourceTree = "<group>"; };
		8D883AC02A15CD8F000B7DA4 /* ProfileVC.swift */ = {isa = PBXFileReference; lastKnownFileType = sourcecode.swift; path = ProfileVC.swift; sourceTree = "<group>"; };
		8D883AC22A15CDEB000B7DA4 /* CartVC.swift */ = {isa = PBXFileReference; lastKnownFileType = sourcecode.swift; path = CartVC.swift; sourceTree = "<group>"; };
		8D8AA64B2A2B0E290009F293 /* CollectionsCoordinator.swift */ = {isa = PBXFileReference; lastKnownFileType = sourcecode.swift; path = CollectionsCoordinator.swift; sourceTree = "<group>"; };
		8DBED8082A3562D5002F7CC2 /* CollectionViewLayoutFactory.swift */ = {isa = PBXFileReference; lastKnownFileType = sourcecode.swift; path = CollectionViewLayoutFactory.swift; sourceTree = "<group>"; };
		8DBED80A2A35F3FE002F7CC2 /* LoadingHUDService.swift */ = {isa = PBXFileReference; lastKnownFileType = sourcecode.swift; path = LoadingHUDService.swift; sourceTree = "<group>"; };
		8DBED80C2A360B44002F7CC2 /* LogService.swift */ = {isa = PBXFileReference; lastKnownFileType = sourcecode.swift; path = LogService.swift; sourceTree = "<group>"; };
		8DBED80E2A360DC2002F7CC2 /* ImageCacheService.swift */ = {isa = PBXFileReference; lastKnownFileType = sourcecode.swift; path = ImageCacheService.swift; sourceTree = "<group>"; };
		8DD0007C2A19B05600C751E6 /* NftAvatarViewModel.swift */ = {isa = PBXFileReference; lastKnownFileType = sourcecode.swift; path = NftAvatarViewModel.swift; sourceTree = "<group>"; };
		8DD0007E2A19B22B00C751E6 /* NftAvatarView.swift */ = {isa = PBXFileReference; lastKnownFileType = sourcecode.swift; path = NftAvatarView.swift; sourceTree = "<group>"; };
		8DE489BD2A2AD3E60006B6AD /* CollectionDetailsView.swift */ = {isa = PBXFileReference; lastKnownFileType = sourcecode.swift; path = CollectionDetailsView.swift; sourceTree = "<group>"; };
		8DE489C02A2AD47B0006B6AD /* CollectionDetailsViewModel.swift */ = {isa = PBXFileReference; lastKnownFileType = sourcecode.swift; path = CollectionDetailsViewModel.swift; sourceTree = "<group>"; };
		8DE489C22A2AD5520006B6AD /* NftListView.swift */ = {isa = PBXFileReference; lastKnownFileType = sourcecode.swift; path = NftListView.swift; sourceTree = "<group>"; };
		8DE489C42A2AD5680006B6AD /* CoverAndDescriptionCellsViewModel.swift */ = {isa = PBXFileReference; lastKnownFileType = sourcecode.swift; path = CoverAndDescriptionCellsViewModel.swift; sourceTree = "<group>"; };
		8DEA6E062A2E1B8E0065AD15 /* RatingView.swift */ = {isa = PBXFileReference; lastKnownFileType = sourcecode.swift; path = RatingView.swift; sourceTree = "<group>"; };
		8DEA6E082A2F16AD0065AD15 /* CollectionDetailsCoverCellView.swift */ = {isa = PBXFileReference; lastKnownFileType = sourcecode.swift; path = CollectionDetailsCoverCellView.swift; sourceTree = "<group>"; };
		8DEA6E0A2A2F17580065AD15 /* CollectionDetailsDescriptionCellView.swift */ = {isa = PBXFileReference; lastKnownFileType = sourcecode.swift; path = CollectionDetailsDescriptionCellView.swift; sourceTree = "<group>"; };
		8DEA6E0C2A2F2B020065AD15 /* WebView.swift */ = {isa = PBXFileReference; lastKnownFileType = sourcecode.swift; path = WebView.swift; sourceTree = "<group>"; };
/* End PBXFileReference section */

/* Begin PBXFrameworksBuildPhase section */
		3F68069029CBBAF100B4F915 /* Frameworks */ = {
			isa = PBXFrameworksBuildPhase;
			buildActionMask = 2147483647;
			files = (
				3F603CD029DB4A74000C43D7 /* Kingfisher in Frameworks */,
				3F603CCD29DB4A53000C43D7 /* ProgressHUD in Frameworks */,
			);
			runOnlyForDeploymentPostprocessing = 0;
		};
		3F6806A629CBBAF200B4F915 /* Frameworks */ = {
			isa = PBXFrameworksBuildPhase;
			buildActionMask = 2147483647;
			files = (
			);
			runOnlyForDeploymentPostprocessing = 0;
		};
		3F6806B029CBBAF200B4F915 /* Frameworks */ = {
			isa = PBXFrameworksBuildPhase;
			buildActionMask = 2147483647;
			files = (
			);
			runOnlyForDeploymentPostprocessing = 0;
		};
/* End PBXFrameworksBuildPhase section */

/* Begin PBXGroup section */
		3802C1C32A29DA3000AFFADE /* Collection */ = {
			isa = PBXGroup;
			children = (
				3802C1C42A29DA3000AFFADE /* Cells */,
				3802C1C72A29DA3000AFFADE /* Catalogue */,
				8DE489BF2A2AD3FC0006B6AD /* CollectionDetails */,
			);
			path = Collection;
			sourceTree = "<group>";
		};
		3802C1C42A29DA3000AFFADE /* Cells */ = {
			isa = PBXGroup;
			children = (
				8D064AFB2A31CA710013A069 /* ViewModels */,
				8D064AFC2A31CA840013A069 /* Views */,
			);
			path = Cells;
			sourceTree = "<group>";
		};
		3802C1C72A29DA3000AFFADE /* Catalogue */ = {
			isa = PBXGroup;
			children = (
				3802C1C92A29DA3000AFFADE /* CatalogueViewModel.swift */,
				3802C1C82A29DA3000AFFADE /* CatalogueView.swift */,
			);
			path = Catalogue;
			sourceTree = "<group>";
		};
		3802C1CE2A29DA5F00AFFADE /* Collection */ = {
			isa = PBXGroup;
			children = (
				3802C1D02A29DA5F00AFFADE /* CollectionModels.swift */,
			);
			path = Collection;
			sourceTree = "<group>";
		};
		3802C1D32A29DA6F00AFFADE /* Collection */ = {
			isa = PBXGroup;
			children = (
				3802C1D42A29DA6F00AFFADE /* CollectionProvider.swift */,
				8D47C3582A381C4500CFD3DC /* NftLikesProvider.swift */,
				3802C1D52A29DA6F00AFFADE /* CollectionProviderErrors.swift */,
				8D17288C2A29E9440050F1FF /* CollectionsSortOptionPersistenceService.swift */,
				8D8AA64B2A2B0E290009F293 /* CollectionsCoordinator.swift */,
				8DBED8082A3562D5002F7CC2 /* CollectionViewLayoutFactory.swift */,
			);
			path = Collection;
			sourceTree = "<group>";
		};
		38BEBF992A1AB709007B1297 /* FakeAPI */ = {
			isa = PBXGroup;
			children = (
				38BEBF9A2A1AB754007B1297 /* FakeNftAPI.swift */,
				38BEBFAB2A1AC35E007B1297 /* FakeAPIRequest.swift */,
			);
			path = FakeAPI;
			sourceTree = "<group>";
		};
		38BEBF9C2A1AB7BD007B1297 /* API */ = {
			isa = PBXGroup;
			children = (
				38BEBF9D2A1AB7D7007B1297 /* NftAPI.swift */,
				38BEBF992A1AB709007B1297 /* FakeAPI */,
			);
			path = API;
			sourceTree = "<group>";
		};
		38BEBFAD2A27CF2F007B1297 /* ShoppingCart */ = {
			isa = PBXGroup;
			children = (
				38BEBFAE2A27CF47007B1297 /* ShoppingCart.swift */,
				38BEBFB32A27D0CA007B1297 /* FakeShoppingCart.swift */,
			);
			path = ShoppingCart;
			sourceTree = "<group>";
		};
		3F478ECD29DB473000F6D39E /* DesignSystem */ = {
			isa = PBXGroup;
			children = (
				3F478ECE29DB474E00F6D39E /* Colors.swift */,
				3F478ED029DB476500F6D39E /* Fonts.swift */,
				8DD0007E2A19B22B00C751E6 /* NftAvatarView.swift */,
				8DEA6E062A2E1B8E0065AD15 /* RatingView.swift */,
			);
			path = DesignSystem;
			sourceTree = "<group>";
		};
		3F68068A29CBBAF100B4F915 = {
			isa = PBXGroup;
			children = (
				3F68069529CBBAF100B4F915 /* FakeNFT */,
				3F6806AC29CBBAF200B4F915 /* FakeNFTTests */,
				3F6806B629CBBAF200B4F915 /* FakeNFTUITests */,
				3F68069429CBBAF100B4F915 /* Products */,
			);
			sourceTree = "<group>";
		};
		3F68069429CBBAF100B4F915 /* Products */ = {
			isa = PBXGroup;
			children = (
				3F68069329CBBAF100B4F915 /* FakeNFT.app */,
				3F6806A929CBBAF200B4F915 /* FakeNFTTests.xctest */,
				3F6806B329CBBAF200B4F915 /* FakeNFTUITests.xctest */,
			);
			name = Products;
			sourceTree = "<group>";
		};
		3F68069529CBBAF100B4F915 /* FakeNFT */ = {
			isa = PBXGroup;
			children = (
				3F68069629CBBAF100B4F915 /* AppDelegate.swift */,
				3F68069829CBBAF100B4F915 /* SceneDelegate.swift */,
				8D1B7EC72A1876B600F30D51 /* TabBarControllerBuilder.swift */,
				3F478ECD29DB473000F6D39E /* DesignSystem */,
				3F6806CE29CBBD1B00B4F915 /* Foundation */,
				3F6806C929CBBCAF00B4F915 /* Models */,
				3F6806C729CBBC5B00B4F915 /* Scenes */,
				3F6806C629CBBC4E00B4F915 /* Services */,
				3F68069F29CBBAF200B4F915 /* Assets.xcassets */,
				3F6806A129CBBAF200B4F915 /* LaunchScreen.storyboard */,
				3F6806A429CBBAF200B4F915 /* Info.plist */,
			);
			path = FakeNFT;
			sourceTree = "<group>";
		};
		3F6806AC29CBBAF200B4F915 /* FakeNFTTests */ = {
			isa = PBXGroup;
			children = (
				3F6806AD29CBBAF200B4F915 /* FakeNftApiTests.swift */,
			);
			path = FakeNFTTests;
			sourceTree = "<group>";
		};
		3F6806B629CBBAF200B4F915 /* FakeNFTUITests */ = {
			isa = PBXGroup;
			children = (
				3F6806B729CBBAF200B4F915 /* FakeNFTUITests.swift */,
			);
			path = FakeNFTUITests;
			sourceTree = "<group>";
		};
		3F6806C629CBBC4E00B4F915 /* Services */ = {
			isa = PBXGroup;
			children = (
				8DBED80A2A35F3FE002F7CC2 /* LoadingHUDService.swift */,
				8DBED80C2A360B44002F7CC2 /* LogService.swift */,
				8DBED80E2A360DC2002F7CC2 /* ImageCacheService.swift */,
				3802C1D32A29DA6F00AFFADE /* Collection */,
				38BEBFAD2A27CF2F007B1297 /* ShoppingCart */,
				38BEBF9C2A1AB7BD007B1297 /* API */,
			);
			path = Services;
			sourceTree = "<group>";
		};
		3F6806C729CBBC5B00B4F915 /* Scenes */ = {
			isa = PBXGroup;
			children = (
				3802C1C32A29DA3000AFFADE /* Collection */,
				3F6806C829CBBC8100B4F915 /* ProductDetails */,
				8D883AC02A15CD8F000B7DA4 /* ProfileVC.swift */,
				8D883AC22A15CDEB000B7DA4 /* CartVC.swift */,
				8DEA6E0E2A2F2B0F0065AD15 /* Web */,
			);
			path = Scenes;
			sourceTree = "<group>";
		};
		3F6806C829CBBC8100B4F915 /* ProductDetails */ = {
			isa = PBXGroup;
			children = (
				3F68069A29CBBAF100B4F915 /* ProductDetailsTableViewController.swift */,
				3FC8C38A29D242E90081F015 /* ProductDetailsTableViewCell.swift */,
			);
			path = ProductDetails;
			sourceTree = "<group>";
		};
		3F6806C929CBBCAF00B4F915 /* Models */ = {
			isa = PBXGroup;
			children = (
				3802C1CE2A29DA5F00AFFADE /* Collection */,
				3F6806D829CC979D00B4F915 /* DTO */,
				8DD0007C2A19B05600C751E6 /* NftAvatarViewModel.swift */,
				38BEBFB02A27D024007B1297 /* Nft.swift */,
			);
			path = Models;
			sourceTree = "<group>";
		};
		3F6806CE29CBBD1B00B4F915 /* Foundation */ = {
			isa = PBXGroup;
			children = (
				3F6806CF29CBBDB100B4F915 /* NetworkClient */,
				3F6806D629CBC50A00B4F915 /* CellsReusingUtils.swift */,
				3FC8C39229D246BA0081F015 /* DateFormatters+Presets.swift */,
			);
			path = Foundation;
			sourceTree = "<group>";
		};
		3F6806CF29CBBDB100B4F915 /* NetworkClient */ = {
			isa = PBXGroup;
			children = (
				3F6806D029CBBE6B00B4F915 /* NetworkClient.swift */,
				3F6806D229CBBE9600B4F915 /* NetworkRequest.swift */,
				3F6806D429CBBEC700B4F915 /* NetworkTask.swift */,
			);
			path = NetworkClient;
			sourceTree = "<group>";
		};
		3F6806D829CC979D00B4F915 /* DTO */ = {
			isa = PBXGroup;
			children = (
				3F6806CA29CBBCC700B4F915 /* CollectionDTO.swift */,
				38BEBF9F2A1AB9E8007B1297 /* NftDTO.swift */,
				38BEBFA12A1ABC06007B1297 /* CurrencyDTO.swift */,
				38BEBFA32A1ABD8A007B1297 /* OrderDTO.swift */,
				38BEBFA52A1ABECE007B1297 /* PaymentResultDTO.swift */,
				38BEBFA72A1AC0B0007B1297 /* ProfileDTO.swift */,
				38BEBFA92A1AC2D8007B1297 /* UserDTO.swift */,
				38D3B02D2A306AC800D0B1B8 /* UpdateProfileDTO.swift */,
				38D3B02F2A306B8100D0B1B8 /* UpdateOrderDTO.swift */,
			);
			path = DTO;
			sourceTree = "<group>";
		};
		8D064AFB2A31CA710013A069 /* ViewModels */ = {
			isa = PBXGroup;
			children = (
				3802C1C62A29DA3000AFFADE /* CatalogueCellViewModel.swift */,
				8DE489C42A2AD5680006B6AD /* CoverAndDescriptionCellsViewModel.swift */,
				8D6C5ECF2A36D1DD00E22EB2 /* NftListViewModel.swift */,
				8D6C5ECD2A36C0F600E22EB2 /* NftCellViewModel.swift */,
			);
			path = ViewModels;
			sourceTree = "<group>";
		};
		8D064AFC2A31CA840013A069 /* Views */ = {
			isa = PBXGroup;
			children = (
				3802C1C52A29DA3000AFFADE /* CatalogueCellView.swift */,
				8DE489C22A2AD5520006B6AD /* NftListView.swift */,
				8DEA6E082A2F16AD0065AD15 /* CollectionDetailsCoverCellView.swift */,
				8DEA6E0A2A2F17580065AD15 /* CollectionDetailsDescriptionCellView.swift */,
			);
			path = Views;
			sourceTree = "<group>";
		};
		8DE489BF2A2AD3FC0006B6AD /* CollectionDetails */ = {
			isa = PBXGroup;
			children = (
				8DE489C02A2AD47B0006B6AD /* CollectionDetailsViewModel.swift */,
				8DE489BD2A2AD3E60006B6AD /* CollectionDetailsView.swift */,
			);
			path = CollectionDetails;
			sourceTree = "<group>";
		};
		8DEA6E0E2A2F2B0F0065AD15 /* Web */ = {
			isa = PBXGroup;
			children = (
				8DEA6E0C2A2F2B020065AD15 /* WebView.swift */,
			);
			path = Web;
			sourceTree = "<group>";
		};
/* End PBXGroup section */

/* Begin PBXNativeTarget section */
		3F68069229CBBAF100B4F915 /* FakeNFT */ = {
			isa = PBXNativeTarget;
			buildConfigurationList = 3F6806BD29CBBAF200B4F915 /* Build configuration list for PBXNativeTarget "FakeNFT" */;
			buildPhases = (
				3FC8C39529D24CDB0081F015 /* Swiftlint */,
				3F68068F29CBBAF100B4F915 /* Sources */,
				3F68069029CBBAF100B4F915 /* Frameworks */,
				3F68069129CBBAF100B4F915 /* Resources */,
			);
			buildRules = (
			);
			dependencies = (
			);
			name = FakeNFT;
			packageProductDependencies = (
				3F603CCC29DB4A53000C43D7 /* ProgressHUD */,
				3F603CCF29DB4A74000C43D7 /* Kingfisher */,
			);
			productName = FakeNFT;
			productReference = 3F68069329CBBAF100B4F915 /* FakeNFT.app */;
			productType = "com.apple.product-type.application";
		};
		3F6806A829CBBAF200B4F915 /* FakeNFTTests */ = {
			isa = PBXNativeTarget;
			buildConfigurationList = 3F6806C029CBBAF200B4F915 /* Build configuration list for PBXNativeTarget "FakeNFTTests" */;
			buildPhases = (
				3F6806A529CBBAF200B4F915 /* Sources */,
				3F6806A629CBBAF200B4F915 /* Frameworks */,
				3F6806A729CBBAF200B4F915 /* Resources */,
			);
			buildRules = (
			);
			dependencies = (
				3F6806AB29CBBAF200B4F915 /* PBXTargetDependency */,
			);
			name = FakeNFTTests;
			productName = FakeNFTTests;
			productReference = 3F6806A929CBBAF200B4F915 /* FakeNFTTests.xctest */;
			productType = "com.apple.product-type.bundle.unit-test";
		};
		3F6806B229CBBAF200B4F915 /* FakeNFTUITests */ = {
			isa = PBXNativeTarget;
			buildConfigurationList = 3F6806C329CBBAF200B4F915 /* Build configuration list for PBXNativeTarget "FakeNFTUITests" */;
			buildPhases = (
				3F6806AF29CBBAF200B4F915 /* Sources */,
				3F6806B029CBBAF200B4F915 /* Frameworks */,
				3F6806B129CBBAF200B4F915 /* Resources */,
			);
			buildRules = (
			);
			dependencies = (
				3F6806B529CBBAF200B4F915 /* PBXTargetDependency */,
			);
			name = FakeNFTUITests;
			productName = FakeNFTUITests;
			productReference = 3F6806B329CBBAF200B4F915 /* FakeNFTUITests.xctest */;
			productType = "com.apple.product-type.bundle.ui-testing";
		};
/* End PBXNativeTarget section */

/* Begin PBXProject section */
		3F68068B29CBBAF100B4F915 /* Project object */ = {
			isa = PBXProject;
			attributes = {
				BuildIndependentTargetsInParallel = 1;
				LastSwiftUpdateCheck = 1420;
				LastUpgradeCheck = 1420;
				TargetAttributes = {
					3F68069229CBBAF100B4F915 = {
						CreatedOnToolsVersion = 14.2;
					};
					3F6806A829CBBAF200B4F915 = {
						CreatedOnToolsVersion = 14.2;
						TestTargetID = 3F68069229CBBAF100B4F915;
					};
					3F6806B229CBBAF200B4F915 = {
						CreatedOnToolsVersion = 14.2;
						TestTargetID = 3F68069229CBBAF100B4F915;
					};
				};
			};
			buildConfigurationList = 3F68068E29CBBAF100B4F915 /* Build configuration list for PBXProject "FakeNFT" */;
			compatibilityVersion = "Xcode 14.0";
			developmentRegion = en;
			hasScannedForEncodings = 0;
			knownRegions = (
				en,
				Base,
			);
			mainGroup = 3F68068A29CBBAF100B4F915;
			packageReferences = (
				3F603CCB29DB4A53000C43D7 /* XCRemoteSwiftPackageReference "ProgressHUD" */,
				3F603CCE29DB4A74000C43D7 /* XCRemoteSwiftPackageReference "Kingfisher" */,
			);
			productRefGroup = 3F68069429CBBAF100B4F915 /* Products */;
			projectDirPath = "";
			projectRoot = "";
			targets = (
				3F68069229CBBAF100B4F915 /* FakeNFT */,
				3F6806A829CBBAF200B4F915 /* FakeNFTTests */,
				3F6806B229CBBAF200B4F915 /* FakeNFTUITests */,
			);
		};
/* End PBXProject section */

/* Begin PBXResourcesBuildPhase section */
		3F68069129CBBAF100B4F915 /* Resources */ = {
			isa = PBXResourcesBuildPhase;
			buildActionMask = 2147483647;
			files = (
				3F6806A329CBBAF200B4F915 /* LaunchScreen.storyboard in Resources */,
				3F6806A029CBBAF200B4F915 /* Assets.xcassets in Resources */,
			);
			runOnlyForDeploymentPostprocessing = 0;
		};
		3F6806A729CBBAF200B4F915 /* Resources */ = {
			isa = PBXResourcesBuildPhase;
			buildActionMask = 2147483647;
			files = (
			);
			runOnlyForDeploymentPostprocessing = 0;
		};
		3F6806B129CBBAF200B4F915 /* Resources */ = {
			isa = PBXResourcesBuildPhase;
			buildActionMask = 2147483647;
			files = (
			);
			runOnlyForDeploymentPostprocessing = 0;
		};
/* End PBXResourcesBuildPhase section */

/* Begin PBXShellScriptBuildPhase section */
		3FC8C39529D24CDB0081F015 /* Swiftlint */ = {
			isa = PBXShellScriptBuildPhase;
			buildActionMask = 2147483647;
			files = (
			);
			inputFileListPaths = (
			);
			inputPaths = (
			);
			name = Swiftlint;
			outputFileListPaths = (
			);
			outputPaths = (
			);
			runOnlyForDeploymentPostprocessing = 0;
			shellPath = /bin/sh;
			shellScript = "export PATH=\"$PATH:/opt/homebrew/bin\"\nif which swiftlint > /dev/null; then\n  swiftlint --fix && swiftlint\nelse\n  echo \"warning: SwiftLint not installed, download from https://github.com/realm/SwiftLint\"\nfi\n";
		};
/* End PBXShellScriptBuildPhase section */

/* Begin PBXSourcesBuildPhase section */
		3F68068F29CBBAF100B4F915 /* Sources */ = {
			isa = PBXSourcesBuildPhase;
			buildActionMask = 2147483647;
			files = (
				8D8AA64C2A2B0E290009F293 /* CollectionsCoordinator.swift in Sources */,
				8DEA6E0D2A2F2B020065AD15 /* WebView.swift in Sources */,
				3FC8C38B29D242E90081F015 /* ProductDetailsTableViewCell.swift in Sources */,
				38BEBFAC2A1AC35E007B1297 /* FakeAPIRequest.swift in Sources */,
				38BEBFB12A27D024007B1297 /* Nft.swift in Sources */,
				38BEBF9E2A1AB7D7007B1297 /* NftAPI.swift in Sources */,
				3F478ECF29DB474E00F6D39E /* Colors.swift in Sources */,
				38D3B0302A306B8100D0B1B8 /* UpdateOrderDTO.swift in Sources */,
				38BEBFA82A1AC0B0007B1297 /* ProfileDTO.swift in Sources */,
				3F478ED129DB476500F6D39E /* Fonts.swift in Sources */,
				8D883AC32A15CDEB000B7DA4 /* CartVC.swift in Sources */,
				8DD0007F2A19B22B00C751E6 /* NftAvatarView.swift in Sources */,
				3FC8C39329D246BA0081F015 /* DateFormatters+Presets.swift in Sources */,
				8D6C5ED02A36D1DD00E22EB2 /* NftListViewModel.swift in Sources */,
				38BEBFAF2A27CF47007B1297 /* ShoppingCart.swift in Sources */,
				8D883AC12A15CD8F000B7DA4 /* ProfileVC.swift in Sources */,
				8DE489BE2A2AD3E60006B6AD /* CollectionDetailsView.swift in Sources */,
				8D17288D2A29E9440050F1FF /* CollectionsSortOptionPersistenceService.swift in Sources */,
				3802C1CC2A29DA3000AFFADE /* CatalogueView.swift in Sources */,
				8DE489C12A2AD47B0006B6AD /* CollectionDetailsViewModel.swift in Sources */,
				3802C1D22A29DA5F00AFFADE /* CollectionModels.swift in Sources */,
				3F68069B29CBBAF100B4F915 /* ProductDetailsTableViewController.swift in Sources */,
				8D1B7EC82A1876B600F30D51 /* TabBarControllerBuilder.swift in Sources */,
				8DBED80D2A360B44002F7CC2 /* LogService.swift in Sources */,
				8DE489C32A2AD5520006B6AD /* NftListView.swift in Sources */,
				3F6806D529CBBEC700B4F915 /* NetworkTask.swift in Sources */,
				8DBED80B2A35F3FE002F7CC2 /* LoadingHUDService.swift in Sources */,
				3F68069729CBBAF100B4F915 /* AppDelegate.swift in Sources */,
				3F68069929CBBAF100B4F915 /* SceneDelegate.swift in Sources */,
				8D6C5ECE2A36C0F600E22EB2 /* NftCellViewModel.swift in Sources */,
				8DBED8092A3562D5002F7CC2 /* CollectionViewLayoutFactory.swift in Sources */,
				38BEBFAA2A1AC2D8007B1297 /* UserDTO.swift in Sources */,
				38BEBF9B2A1AB754007B1297 /* FakeNftAPI.swift in Sources */,
				3802C1CD2A29DA3000AFFADE /* CatalogueViewModel.swift in Sources */,
				38BEBFA62A1ABECE007B1297 /* PaymentResultDTO.swift in Sources */,
				8DEA6E072A2E1B8E0065AD15 /* RatingView.swift in Sources */,
				8DBED80F2A360DC2002F7CC2 /* ImageCacheService.swift in Sources */,
				8DEA6E0B2A2F17580065AD15 /* CollectionDetailsDescriptionCellView.swift in Sources */,
				3802C1CA2A29DA3000AFFADE /* CatalogueCellView.swift in Sources */,
				38BEBFB42A27D0CA007B1297 /* FakeShoppingCart.swift in Sources */,
				38BEBFA22A1ABC06007B1297 /* CurrencyDTO.swift in Sources */,
				3802C1CB2A29DA3000AFFADE /* CatalogueCellViewModel.swift in Sources */,
				3802C1D72A29DA6F00AFFADE /* CollectionProviderErrors.swift in Sources */,
				3F6806D729CBC50A00B4F915 /* CellsReusingUtils.swift in Sources */,
				3F6806D329CBBE9600B4F915 /* NetworkRequest.swift in Sources */,
				3F6806CB29CBBCC700B4F915 /* CollectionDTO.swift in Sources */,
				8D47C3592A381C4500CFD3DC /* NftLikesProvider.swift in Sources */,
				38BEBFA02A1AB9E8007B1297 /* NftDTO.swift in Sources */,
				8DE489C52A2AD5680006B6AD /* CoverAndDescriptionCellsViewModel.swift in Sources */,
				38BEBFA42A1ABD8A007B1297 /* OrderDTO.swift in Sources */,
				3F6806D129CBBE6B00B4F915 /* NetworkClient.swift in Sources */,
				8DEA6E092A2F16AD0065AD15 /* CollectionDetailsCoverCellView.swift in Sources */,
				3802C1D62A29DA6F00AFFADE /* CollectionProvider.swift in Sources */,
				8DD0007D2A19B05600C751E6 /* NftAvatarViewModel.swift in Sources */,
				38D3B02E2A306AC800D0B1B8 /* UpdateProfileDTO.swift in Sources */,
			);
			runOnlyForDeploymentPostprocessing = 0;
		};
		3F6806A529CBBAF200B4F915 /* Sources */ = {
			isa = PBXSourcesBuildPhase;
			buildActionMask = 2147483647;
			files = (
				3F6806AE29CBBAF200B4F915 /* FakeNftApiTests.swift in Sources */,
			);
			runOnlyForDeploymentPostprocessing = 0;
		};
		3F6806AF29CBBAF200B4F915 /* Sources */ = {
			isa = PBXSourcesBuildPhase;
			buildActionMask = 2147483647;
			files = (
				3F6806B829CBBAF200B4F915 /* FakeNFTUITests.swift in Sources */,
			);
			runOnlyForDeploymentPostprocessing = 0;
		};
/* End PBXSourcesBuildPhase section */

/* Begin PBXTargetDependency section */
		3F6806AB29CBBAF200B4F915 /* PBXTargetDependency */ = {
			isa = PBXTargetDependency;
			target = 3F68069229CBBAF100B4F915 /* FakeNFT */;
			targetProxy = 3F6806AA29CBBAF200B4F915 /* PBXContainerItemProxy */;
		};
		3F6806B529CBBAF200B4F915 /* PBXTargetDependency */ = {
			isa = PBXTargetDependency;
			target = 3F68069229CBBAF100B4F915 /* FakeNFT */;
			targetProxy = 3F6806B429CBBAF200B4F915 /* PBXContainerItemProxy */;
		};
/* End PBXTargetDependency section */

/* Begin PBXVariantGroup section */
		3F6806A129CBBAF200B4F915 /* LaunchScreen.storyboard */ = {
			isa = PBXVariantGroup;
			children = (
				3F6806A229CBBAF200B4F915 /* Base */,
			);
			name = LaunchScreen.storyboard;
			sourceTree = "<group>";
		};
/* End PBXVariantGroup section */

/* Begin XCBuildConfiguration section */
		3F6806BB29CBBAF200B4F915 /* Debug */ = {
			isa = XCBuildConfiguration;
			buildSettings = {
				ALWAYS_SEARCH_USER_PATHS = NO;
				CLANG_ANALYZER_NONNULL = YES;
				CLANG_ANALYZER_NUMBER_OBJECT_CONVERSION = YES_AGGRESSIVE;
				CLANG_CXX_LANGUAGE_STANDARD = "gnu++20";
				CLANG_ENABLE_MODULES = YES;
				CLANG_ENABLE_OBJC_ARC = YES;
				CLANG_ENABLE_OBJC_WEAK = YES;
				CLANG_WARN_BLOCK_CAPTURE_AUTORELEASING = YES;
				CLANG_WARN_BOOL_CONVERSION = YES;
				CLANG_WARN_COMMA = YES;
				CLANG_WARN_CONSTANT_CONVERSION = YES;
				CLANG_WARN_DEPRECATED_OBJC_IMPLEMENTATIONS = YES;
				CLANG_WARN_DIRECT_OBJC_ISA_USAGE = YES_ERROR;
				CLANG_WARN_DOCUMENTATION_COMMENTS = YES;
				CLANG_WARN_EMPTY_BODY = YES;
				CLANG_WARN_ENUM_CONVERSION = YES;
				CLANG_WARN_INFINITE_RECURSION = YES;
				CLANG_WARN_INT_CONVERSION = YES;
				CLANG_WARN_NON_LITERAL_NULL_CONVERSION = YES;
				CLANG_WARN_OBJC_IMPLICIT_RETAIN_SELF = YES;
				CLANG_WARN_OBJC_LITERAL_CONVERSION = YES;
				CLANG_WARN_OBJC_ROOT_CLASS = YES_ERROR;
				CLANG_WARN_QUOTED_INCLUDE_IN_FRAMEWORK_HEADER = YES;
				CLANG_WARN_RANGE_LOOP_ANALYSIS = YES;
				CLANG_WARN_STRICT_PROTOTYPES = YES;
				CLANG_WARN_SUSPICIOUS_MOVE = YES;
				CLANG_WARN_UNGUARDED_AVAILABILITY = YES_AGGRESSIVE;
				CLANG_WARN_UNREACHABLE_CODE = YES;
				CLANG_WARN__DUPLICATE_METHOD_MATCH = YES;
				COPY_PHASE_STRIP = NO;
				DEBUG_INFORMATION_FORMAT = dwarf;
				ENABLE_STRICT_OBJC_MSGSEND = YES;
				ENABLE_TESTABILITY = YES;
				GCC_C_LANGUAGE_STANDARD = gnu11;
				GCC_DYNAMIC_NO_PIC = NO;
				GCC_NO_COMMON_BLOCKS = YES;
				GCC_OPTIMIZATION_LEVEL = 0;
				GCC_PREPROCESSOR_DEFINITIONS = (
					"DEBUG=1",
					"$(inherited)",
				);
				GCC_WARN_64_TO_32_BIT_CONVERSION = YES;
				GCC_WARN_ABOUT_RETURN_TYPE = YES_ERROR;
				GCC_WARN_UNDECLARED_SELECTOR = YES;
				GCC_WARN_UNINITIALIZED_AUTOS = YES_AGGRESSIVE;
				GCC_WARN_UNUSED_FUNCTION = YES;
				GCC_WARN_UNUSED_VARIABLE = YES;
				IPHONEOS_DEPLOYMENT_TARGET = 13.0;
				MTL_ENABLE_DEBUG_INFO = INCLUDE_SOURCE;
				MTL_FAST_MATH = YES;
				ONLY_ACTIVE_ARCH = YES;
				SDKROOT = iphoneos;
				SWIFT_ACTIVE_COMPILATION_CONDITIONS = DEBUG;
				SWIFT_OPTIMIZATION_LEVEL = "-Onone";
			};
			name = Debug;
		};
		3F6806BC29CBBAF200B4F915 /* Release */ = {
			isa = XCBuildConfiguration;
			buildSettings = {
				ALWAYS_SEARCH_USER_PATHS = NO;
				CLANG_ANALYZER_NONNULL = YES;
				CLANG_ANALYZER_NUMBER_OBJECT_CONVERSION = YES_AGGRESSIVE;
				CLANG_CXX_LANGUAGE_STANDARD = "gnu++20";
				CLANG_ENABLE_MODULES = YES;
				CLANG_ENABLE_OBJC_ARC = YES;
				CLANG_ENABLE_OBJC_WEAK = YES;
				CLANG_WARN_BLOCK_CAPTURE_AUTORELEASING = YES;
				CLANG_WARN_BOOL_CONVERSION = YES;
				CLANG_WARN_COMMA = YES;
				CLANG_WARN_CONSTANT_CONVERSION = YES;
				CLANG_WARN_DEPRECATED_OBJC_IMPLEMENTATIONS = YES;
				CLANG_WARN_DIRECT_OBJC_ISA_USAGE = YES_ERROR;
				CLANG_WARN_DOCUMENTATION_COMMENTS = YES;
				CLANG_WARN_EMPTY_BODY = YES;
				CLANG_WARN_ENUM_CONVERSION = YES;
				CLANG_WARN_INFINITE_RECURSION = YES;
				CLANG_WARN_INT_CONVERSION = YES;
				CLANG_WARN_NON_LITERAL_NULL_CONVERSION = YES;
				CLANG_WARN_OBJC_IMPLICIT_RETAIN_SELF = YES;
				CLANG_WARN_OBJC_LITERAL_CONVERSION = YES;
				CLANG_WARN_OBJC_ROOT_CLASS = YES_ERROR;
				CLANG_WARN_QUOTED_INCLUDE_IN_FRAMEWORK_HEADER = YES;
				CLANG_WARN_RANGE_LOOP_ANALYSIS = YES;
				CLANG_WARN_STRICT_PROTOTYPES = YES;
				CLANG_WARN_SUSPICIOUS_MOVE = YES;
				CLANG_WARN_UNGUARDED_AVAILABILITY = YES_AGGRESSIVE;
				CLANG_WARN_UNREACHABLE_CODE = YES;
				CLANG_WARN__DUPLICATE_METHOD_MATCH = YES;
				COPY_PHASE_STRIP = NO;
				DEBUG_INFORMATION_FORMAT = "dwarf-with-dsym";
				ENABLE_NS_ASSERTIONS = NO;
				ENABLE_STRICT_OBJC_MSGSEND = YES;
				GCC_C_LANGUAGE_STANDARD = gnu11;
				GCC_NO_COMMON_BLOCKS = YES;
				GCC_WARN_64_TO_32_BIT_CONVERSION = YES;
				GCC_WARN_ABOUT_RETURN_TYPE = YES_ERROR;
				GCC_WARN_UNDECLARED_SELECTOR = YES;
				GCC_WARN_UNINITIALIZED_AUTOS = YES_AGGRESSIVE;
				GCC_WARN_UNUSED_FUNCTION = YES;
				GCC_WARN_UNUSED_VARIABLE = YES;
				IPHONEOS_DEPLOYMENT_TARGET = 13.0;
				MTL_ENABLE_DEBUG_INFO = NO;
				MTL_FAST_MATH = YES;
				SDKROOT = iphoneos;
				SWIFT_COMPILATION_MODE = wholemodule;
				SWIFT_OPTIMIZATION_LEVEL = "-O";
				VALIDATE_PRODUCT = YES;
			};
			name = Release;
		};
		3F6806BE29CBBAF200B4F915 /* Debug */ = {
			isa = XCBuildConfiguration;
			buildSettings = {
				ASSETCATALOG_COMPILER_APPICON_NAME = AppIcon;
				ASSETCATALOG_COMPILER_GLOBAL_ACCENT_COLOR_NAME = AccentColor;
				CODE_SIGN_STYLE = Automatic;
				CURRENT_PROJECT_VERSION = 1;
				GENERATE_INFOPLIST_FILE = YES;
				INFOPLIST_FILE = FakeNFT/Info.plist;
				INFOPLIST_KEY_UIApplicationSupportsIndirectInputEvents = YES;
				INFOPLIST_KEY_UILaunchStoryboardName = LaunchScreen;
				INFOPLIST_KEY_UISupportedInterfaceOrientations_iPad = "UIInterfaceOrientationPortrait UIInterfaceOrientationPortraitUpsideDown UIInterfaceOrientationLandscapeLeft UIInterfaceOrientationLandscapeRight";
				INFOPLIST_KEY_UISupportedInterfaceOrientations_iPhone = "UIInterfaceOrientationPortrait UIInterfaceOrientationLandscapeLeft UIInterfaceOrientationLandscapeRight";
				IPHONEOS_DEPLOYMENT_TARGET = 13.0;
				LD_RUNPATH_SEARCH_PATHS = (
					"$(inherited)",
					"@executable_path/Frameworks",
				);
				MARKETING_VERSION = 1.0;
				PRODUCT_BUNDLE_IDENTIFIER = com.practicum.FakeNFT;
				PRODUCT_NAME = "$(TARGET_NAME)";
				SWIFT_EMIT_LOC_STRINGS = YES;
				SWIFT_VERSION = 5.0;
				TARGETED_DEVICE_FAMILY = "1,2";
			};
			name = Debug;
		};
		3F6806BF29CBBAF200B4F915 /* Release */ = {
			isa = XCBuildConfiguration;
			buildSettings = {
				ASSETCATALOG_COMPILER_APPICON_NAME = AppIcon;
				ASSETCATALOG_COMPILER_GLOBAL_ACCENT_COLOR_NAME = AccentColor;
				CODE_SIGN_STYLE = Automatic;
				CURRENT_PROJECT_VERSION = 1;
				GENERATE_INFOPLIST_FILE = YES;
				INFOPLIST_FILE = FakeNFT/Info.plist;
				INFOPLIST_KEY_UIApplicationSupportsIndirectInputEvents = YES;
				INFOPLIST_KEY_UILaunchStoryboardName = LaunchScreen;
				INFOPLIST_KEY_UISupportedInterfaceOrientations_iPad = "UIInterfaceOrientationPortrait UIInterfaceOrientationPortraitUpsideDown UIInterfaceOrientationLandscapeLeft UIInterfaceOrientationLandscapeRight";
				INFOPLIST_KEY_UISupportedInterfaceOrientations_iPhone = "UIInterfaceOrientationPortrait UIInterfaceOrientationLandscapeLeft UIInterfaceOrientationLandscapeRight";
				IPHONEOS_DEPLOYMENT_TARGET = 13.0;
				LD_RUNPATH_SEARCH_PATHS = (
					"$(inherited)",
					"@executable_path/Frameworks",
				);
				MARKETING_VERSION = 1.0;
				PRODUCT_BUNDLE_IDENTIFIER = com.practicum.FakeNFT;
				PRODUCT_NAME = "$(TARGET_NAME)";
				SWIFT_EMIT_LOC_STRINGS = YES;
				SWIFT_VERSION = 5.0;
				TARGETED_DEVICE_FAMILY = "1,2";
			};
			name = Release;
		};
		3F6806C129CBBAF200B4F915 /* Debug */ = {
			isa = XCBuildConfiguration;
			buildSettings = {
				ALWAYS_EMBED_SWIFT_STANDARD_LIBRARIES = YES;
				BUNDLE_LOADER = "$(TEST_HOST)";
				CODE_SIGN_STYLE = Automatic;
				CURRENT_PROJECT_VERSION = 1;
				GENERATE_INFOPLIST_FILE = YES;
				IPHONEOS_DEPLOYMENT_TARGET = 16.2;
				MARKETING_VERSION = 1.0;
				PRODUCT_BUNDLE_IDENTIFIER = com.practicum.FakeNFTTests;
				PRODUCT_NAME = "$(TARGET_NAME)";
				SWIFT_EMIT_LOC_STRINGS = NO;
				SWIFT_VERSION = 5.0;
				TARGETED_DEVICE_FAMILY = "1,2";
				TEST_HOST = "$(BUILT_PRODUCTS_DIR)/FakeNFT.app/$(BUNDLE_EXECUTABLE_FOLDER_PATH)/FakeNFT";
			};
			name = Debug;
		};
		3F6806C229CBBAF200B4F915 /* Release */ = {
			isa = XCBuildConfiguration;
			buildSettings = {
				ALWAYS_EMBED_SWIFT_STANDARD_LIBRARIES = YES;
				BUNDLE_LOADER = "$(TEST_HOST)";
				CODE_SIGN_STYLE = Automatic;
				CURRENT_PROJECT_VERSION = 1;
				GENERATE_INFOPLIST_FILE = YES;
				IPHONEOS_DEPLOYMENT_TARGET = 16.2;
				MARKETING_VERSION = 1.0;
				PRODUCT_BUNDLE_IDENTIFIER = com.practicum.FakeNFTTests;
				PRODUCT_NAME = "$(TARGET_NAME)";
				SWIFT_EMIT_LOC_STRINGS = NO;
				SWIFT_VERSION = 5.0;
				TARGETED_DEVICE_FAMILY = "1,2";
				TEST_HOST = "$(BUILT_PRODUCTS_DIR)/FakeNFT.app/$(BUNDLE_EXECUTABLE_FOLDER_PATH)/FakeNFT";
			};
			name = Release;
		};
		3F6806C429CBBAF200B4F915 /* Debug */ = {
			isa = XCBuildConfiguration;
			buildSettings = {
				ALWAYS_EMBED_SWIFT_STANDARD_LIBRARIES = YES;
				CODE_SIGN_STYLE = Automatic;
				CURRENT_PROJECT_VERSION = 1;
				GENERATE_INFOPLIST_FILE = YES;
				MARKETING_VERSION = 1.0;
				PRODUCT_BUNDLE_IDENTIFIER = com.practicum.FakeNFTUITests;
				PRODUCT_NAME = "$(TARGET_NAME)";
				SWIFT_EMIT_LOC_STRINGS = NO;
				SWIFT_VERSION = 5.0;
				TARGETED_DEVICE_FAMILY = "1,2";
				TEST_TARGET_NAME = FakeNFT;
			};
			name = Debug;
		};
		3F6806C529CBBAF200B4F915 /* Release */ = {
			isa = XCBuildConfiguration;
			buildSettings = {
				ALWAYS_EMBED_SWIFT_STANDARD_LIBRARIES = YES;
				CODE_SIGN_STYLE = Automatic;
				CURRENT_PROJECT_VERSION = 1;
				GENERATE_INFOPLIST_FILE = YES;
				MARKETING_VERSION = 1.0;
				PRODUCT_BUNDLE_IDENTIFIER = com.practicum.FakeNFTUITests;
				PRODUCT_NAME = "$(TARGET_NAME)";
				SWIFT_EMIT_LOC_STRINGS = NO;
				SWIFT_VERSION = 5.0;
				TARGETED_DEVICE_FAMILY = "1,2";
				TEST_TARGET_NAME = FakeNFT;
			};
			name = Release;
		};
/* End XCBuildConfiguration section */

/* Begin XCConfigurationList section */
		3F68068E29CBBAF100B4F915 /* Build configuration list for PBXProject "FakeNFT" */ = {
			isa = XCConfigurationList;
			buildConfigurations = (
				3F6806BB29CBBAF200B4F915 /* Debug */,
				3F6806BC29CBBAF200B4F915 /* Release */,
			);
			defaultConfigurationIsVisible = 0;
			defaultConfigurationName = Release;
		};
		3F6806BD29CBBAF200B4F915 /* Build configuration list for PBXNativeTarget "FakeNFT" */ = {
			isa = XCConfigurationList;
			buildConfigurations = (
				3F6806BE29CBBAF200B4F915 /* Debug */,
				3F6806BF29CBBAF200B4F915 /* Release */,
			);
			defaultConfigurationIsVisible = 0;
			defaultConfigurationName = Release;
		};
		3F6806C029CBBAF200B4F915 /* Build configuration list for PBXNativeTarget "FakeNFTTests" */ = {
			isa = XCConfigurationList;
			buildConfigurations = (
				3F6806C129CBBAF200B4F915 /* Debug */,
				3F6806C229CBBAF200B4F915 /* Release */,
			);
			defaultConfigurationIsVisible = 0;
			defaultConfigurationName = Release;
		};
		3F6806C329CBBAF200B4F915 /* Build configuration list for PBXNativeTarget "FakeNFTUITests" */ = {
			isa = XCConfigurationList;
			buildConfigurations = (
				3F6806C429CBBAF200B4F915 /* Debug */,
				3F6806C529CBBAF200B4F915 /* Release */,
			);
			defaultConfigurationIsVisible = 0;
			defaultConfigurationName = Release;
		};
/* End XCConfigurationList section */

/* Begin XCRemoteSwiftPackageReference section */
		3F603CCB29DB4A53000C43D7 /* XCRemoteSwiftPackageReference "ProgressHUD" */ = {
			isa = XCRemoteSwiftPackageReference;
			repositoryURL = "https://github.com/relatedcode/ProgressHUD";
			requirement = {
				kind = upToNextMajorVersion;
				minimumVersion = 13.0.0;
			};
		};
		3F603CCE29DB4A74000C43D7 /* XCRemoteSwiftPackageReference "Kingfisher" */ = {
			isa = XCRemoteSwiftPackageReference;
			repositoryURL = "https://github.com/onevcat/Kingfisher.git";
			requirement = {
				kind = upToNextMajorVersion;
				minimumVersion = 7.0.0;
			};
		};
/* End XCRemoteSwiftPackageReference section */

/* Begin XCSwiftPackageProductDependency section */
		3F603CCC29DB4A53000C43D7 /* ProgressHUD */ = {
			isa = XCSwiftPackageProductDependency;
			package = 3F603CCB29DB4A53000C43D7 /* XCRemoteSwiftPackageReference "ProgressHUD" */;
			productName = ProgressHUD;
		};
		3F603CCF29DB4A74000C43D7 /* Kingfisher */ = {
			isa = XCSwiftPackageProductDependency;
			package = 3F603CCE29DB4A74000C43D7 /* XCRemoteSwiftPackageReference "Kingfisher" */;
			productName = Kingfisher;
		};
/* End XCSwiftPackageProductDependency section */
	};
	rootObject = 3F68068B29CBBAF100B4F915 /* Project object */;
}
